
Microsoft Visual Studio Solution File, Format Version 12.00
# Visual Studio Version 17
VisualStudioVersion = 17.7.34202.233
MinimumVisualStudioVersion = 10.0.40219.1
Project("{FAE04EC0-301F-11D3-BF4B-00C04F79EFBC}") = "CaesarCipher", "CaesarCipher.csproj", "{B43FA693-C3BC-4258-A502-EE7F947453BD}"
EndProject
Global
	GlobalSection(SolutionConfigurationPlatforms) = preSolution
		Debug|Any CPU = Debug|Any CPU
		Release|Any CPU = Release|Any CPU
	EndGlobalSection
	GlobalSection(ProjectConfigurationPlatforms) = postSolution
		{B43FA693-C3BC-4258-A502-EE7F947453BD}.Debug|Any CPU.ActiveCfg = Debug|Any CPU
		{B43FA693-C3BC-4258-A502-EE7F947453BD}.Debug|Any CPU.Build.0 = Debug|Any CPU
		{B43FA693-C3BC-4258-A502-EE7F947453BD}.Release|Any CPU.ActiveCfg = Release|Any CPU
		{B43FA693-C3BC-4258-A502-EE7F947453BD}.Release|Any CPU.Build.0 = Release|Any CPU
	EndGlobalSection
	GlobalSection(SolutionProperties) = preSolution
		HideSolutionNode = FALSE
	EndGlobalSection
	GlobalSection(ExtensibilityGlobals) = postSolution
		SolutionGuid = {803CCD23-EAAD-4C5F-9E59-209811A32260}
	EndGlobalSection
EndGlobal
